// !$*UTF8*$!
{
	archiveVersion = 1;
	classes = {
	};
	objectVersion = 56;
	objects = {

/* Begin PBXBuildFile section */
		8D5B8A743052E6680070361B /* MetroLimaApp.swift in Sources */ = {isa = PBXBuildFile; fileRef = 8D5B8A733052E6680070361B /* MetroLimaApp.swift */; };
		8D5B8A763052E6680070361B /* ContentView.swift in Sources */ = {isa = PBXBuildFile; fileRef = 8D5B8A753052E6680070361B /* ContentView.swift */; };
		8D5B8A783052E66B0070361B /* Assets.xcassets in Resources */ = {isa = PBXBuildFile; fileRef = 8D5B8A773052E66B0070361B /* Assets.xcassets */; };
		8D5B8A7C3052E66B0070361B /* Preview Assets.xcassets in Resources */ = {isa = PBXBuildFile; fileRef = 8D5B8A7B3052E66B0070361B /* Preview Assets.xcassets */; };
		8D5B8A863052E66B0070361B /* MetroLimaTests.swift in Sources */ = {isa = PBXBuildFile; fileRef = 8D5B8A853052E66B0070361B /* MetroLimaTests.swift */; };
		8D5B8A903052E66C0070361B /* MetroLimaUITests.swift in Sources */ = {isa = PBXBuildFile; fileRef = 8D5B8A8F3052E66C0070361B /* MetroLimaUITests.swift */; };
		8D5B8A923052E66C0070361B /* MetroLimaUITestsLaunchTests.swift in Sources */ = {isa = PBXBuildFile; fileRef = 8D5B8A913052E66C0070361B /* MetroLimaUITestsLaunchTests.swift */; };
/* End PBXBuildFile section */

/* Begin PBXContainerItemProxy section */
		8D5B8A823052E66B0070361B /* PBXContainerItemProxy */ = {
			isa = PBXContainerItemProxy;
			containerPortal = 8D5B8A683052E6670070361B /* Project object */;
			proxyType = 1;
			remoteGlobalIDString = 8D5B8A6F3052E6680070361B;
			remoteInfo = MetroLima;
		};
		8D5B8A8C3052E66C0070361B /* PBXContainerItemProxy */ = {
			isa = PBXContainerItemProxy;
			containerPortal = 8D5B8A683052E6670070361B /* Project object */;
			proxyType = 1;
			remoteGlobalIDString = 8D5B8A6F3052E6680070361B;
			remoteInfo = MetroLima;
		};
/* End PBXContainerItemProxy section */

/* Begin PBXFileReference section */
		8D5B8A703052E6680070361B /* MetroLima.app */ = {isa = PBXFileReference; explicitFileType = wrapper.application; includeInIndex = 0; path = MetroLima.app; sourceTree = BUILT_PRODUCTS_DIR; };
		8D5B8A733052E6680070361B /* MetroLimaApp.swift */ = {isa = PBXFileReference; lastKnownFileType = sourcecode.swift; path = MetroLimaApp.swift; sourceTree = "<group>"; };
		8D5B8A753052E6680070361B /* ContentView.swift */ = {isa = PBXFileReference; lastKnownFileType = sourcecode.swift; path = ContentView.swift; sourceTree = "<group>"; };
		8D5B8A773052E66B0070361B /* Assets.xcassets */ = {isa = PBXFileReference; lastKnownFileType = folder.assetcatalog; path = Assets.xcassets; sourceTree = "<group>"; };
		8D5B8A793052E66B0070361B /* MetroLima.entitlements */ = {isa = PBXFileReference; lastKnownFileType = text.plist.entitlements; path = MetroLima.entitlements; sourceTree = "<group>"; };
		8D5B8A7B3052E66B0070361B /* Preview Assets.xcassets */ = {isa = PBXFileReference; lastKnownFileType = folder.assetcatalog; path = "Preview Assets.xcassets"; sourceTree = "<group>"; };
		8D5B8A813052E66B0070361B /* MetroLimaTests.xctest */ = {isa = PBXFileReference; explicitFileType = wrapper.cfbundle; includeInIndex = 0; path = MetroLimaTests.xctest; sourceTree = BUILT_PRODUCTS_DIR; };
		8D5B8A853052E66B0070361B /* MetroLimaTests.swift */ = {isa = PBXFileReference; lastKnownFileType = sourcecode.swift; path = MetroLimaTests.swift; sourceTree = "<group>"; };
		8D5B8A8B3052E66C0070361B /* MetroLimaUITests.xctest */ = {isa = PBXFileReference; explicitFileType = wrapper.cfbundle; includeInIndex = 0; path = MetroLimaUITests.xctest; sourceTree = BUILT_PRODUCTS_DIR; };
		8D5B8A8F3052E66C0070361B /* MetroLimaUITests.swift */ = {isa = PBXFileReference; lastKnownFileType = sourcecode.swift; path = MetroLimaUITests.swift; sourceTree = "<group>"; };
		8D5B8A913052E66C0070361B /* MetroLimaUITestsLaunchTests.swift */ = {isa = PBXFileReference; lastKnownFileType = sourcecode.swift; path = MetroLimaUITestsLaunchTests.swift; sourceTree = "<group>"; };
/* End PBXFileReference section */

/* Begin PBXFrameworksBuildPhase section */
		8D5B8A6D3052E6680070361B /* Frameworks */ = {
			isa = PBXFrameworksBuildPhase;
			buildActionMask = 2147483647;
			files = (
			);
			runOnlyForDeploymentPostprocessing = 0;
		};
		8D5B8A7E3052E66B0070361B /* Frameworks */ = {
			isa = PBXFrameworksBuildPhase;
			buildActionMask = 2147483647;
			files = (
			);
			runOnlyForDeploymentPostprocessing = 0;
		};
		8D5B8A883052E66C0070361B /* Frameworks */ = {
			isa = PBXFrameworksBuildPhase;
			buildActionMask = 2147483647;
			files = (
			);
			runOnlyForDeploymentPostprocessing = 0;
		};
/* End PBXFrameworksBuildPhase section */

/* Begin PBXGroup section */
		8D5B8A673052E6670070361B = {
			isa = PBXGroup;
			children = (
				8D5B8A723052E6680070361B /* MetroLima */,
				8D5B8A843052E66B0070361B /* MetroLimaTests */,
				8D5B8A8E3052E66C0070361B /* MetroLimaUITests */,
				8D5B8A713052E6680070361B /* Products */,
			);
			sourceTree = "<group>";
		};
		8D5B8A713052E6680070361B /* Products */ = {
			isa = PBXGroup;
			children = (
				8D5B8A703052E6680070361B /* MetroLima.app */,
				8D5B8A813052E66B0070361B /* MetroLimaTests.xctest */,
				8D5B8A8B3052E66C0070361B /* MetroLimaUITests.xctest */,
			);
			name = Products;
			sourceTree = "<group>";
		};
		8D5B8A723052E6680070361B /* MetroLima */ = {
			isa = PBXGroup;
			children = (
				8D5B8A733052E6680070361B /* MetroLimaApp.swift */,
				8D5B8A753052E6680070361B /* ContentView.swift */,
				8D5B8A773052E66B0070361B /* Assets.xcassets */,
				8D5B8A793052E66B0070361B /* MetroLima.entitlements */,
				8D5B8A7A3052E66B0070361B /* Preview Content */,
			);
			path = MetroLima;
			sourceTree = "<group>";
		};
		8D5B8A7A3052E66B0070361B /* Preview Content */ = {
			isa = PBXGroup;
			children = (
				8D5B8A7B3052E66B0070361B /* Preview Assets.xcassets */,
			);
			path = "Preview Content";
			sourceTree = "<group>";
		};
		8D5B8A843052E66B0070361B /* MetroLimaTests */ = {
			isa = PBXGroup;
			children = (
				8D5B8A853052E66B0070361B /* MetroLimaTests.swift */,
			);
			path = MetroLimaTests;
			sourceTree = "<group>";
		};
		8D5B8A8E3052E66C0070361B /* MetroLimaUITests */ = {
			isa = PBXGroup;
			children = (
				8D5B8A8F3052E66C0070361B /* MetroLimaUITests.swift */,
				8D5B8A913052E66C0070361B /* MetroLimaUITestsLaunchTests.swift */,
			);
			path = MetroLimaUITests;
			sourceTree = "<group>";
		};
/* End PBXGroup section */

/* Begin PBXNativeTarget section */
		8D5B8A6F3052E6680070361B /* MetroLima */ = {
			isa = PBXNativeTarget;
			buildConfigurationList = 8D5B8A953052E66C0070361B /* Build configuration list for PBXNativeTarget "MetroLima" */;
			buildPhases = (
				8D5B8A6C3052E6680070361B /* Sources */,
				8D5B8A6D3052E6680070361B /* Frameworks */,
				8D5B8A6E3052E6680070361B /* Resources */,
			);
			buildRules = (
			);
			dependencies = (
			);
			name = MetroLima;
			productName = MetroLima;
			productReference = 8D5B8A703052E6680070361B /* MetroLima.app */;
			productType = "com.apple.product-type.application";
		};
		8D5B8A803052E66B0070361B /* MetroLimaTests */ = {
			isa = PBXNativeTarget;
			buildConfigurationList = 8D5B8A983052E66C0070361B /* Build configuration list for PBXNativeTarget "MetroLimaTests" */;
			buildPhases = (
				8D5B8A7D3052E66B0070361B /* Sources */,
				8D5B8A7E3052E66B0070361B /* Frameworks */,
				8D5B8A7F3052E66B0070361B /* Resources */,
			);
			buildRules = (
			);
			dependencies = (
				8D5B8A833052E66B0070361B /* PBXTargetDependency */,
			);
			name = MetroLimaTests;
			productName = MetroLimaTests;
			productReference = 8D5B8A813052E66B0070361B /* MetroLimaTests.xctest */;
			productType = "com.apple.product-type.bundle.unit-test";
		};
		8D5B8A8A3052E66C0070361B /* MetroLimaUITests */ = {
			isa = PBXNativeTarget;
			buildConfigurationList = 8D5B8A9B3052E66C0070361B /* Build configuration list for PBXNativeTarget "MetroLimaUITests" */;
			buildPhases = (
				8D5B8A873052E66C0070361B /* Sources */,
				8D5B8A883052E66C0070361B /* Frameworks */,
				8D5B8A893052E66C0070361B /* Resources */,
			);
			buildRules = (
			);
			dependencies = (
				8D5B8A8D3052E66C0070361B /* PBXTargetDependency */,
			);
			name = MetroLimaUITests;
			productName = MetroLimaUITests;
			productReference = 8D5B8A8B3052E66C0070361B /* MetroLimaUITests.xctest */;
			productType = "com.apple.product-type.bundle.ui-testing";
		};
/* End PBXNativeTarget section */

/* Begin PBXProject section */
		8D5B8A683052E6670070361B /* Project object */ = {
			isa = PBXProject;
			attributes = {
				BuildIndependentTargetsInParallel = 1;
				LastSwiftUpdateCheck = 1420;
				LastUpgradeCheck = 1420;
				TargetAttributes = {
					8D5B8A6F3052E6680070361B = {
						CreatedOnToolsVersion = 14.2;
					};
					8D5B8A803052E66B0070361B = {
						CreatedOnToolsVersion = 14.2;
						TestTargetID = 8D5B8A6F3052E6680070361B;
					};
					8D5B8A8A3052E66C0070361B = {
						CreatedOnToolsVersion = 14.2;
						TestTargetID = 8D5B8A6F3052E6680070361B;
					};
				};
			};
			buildConfigurationList = 8D5B8A6B3052E6670070361B /* Build configuration list for PBXProject "MetroLima" */;
			compatibilityVersion = "Xcode 14.0";
			developmentRegion = en;
			hasScannedForEncodings = 0;
			knownRegions = (
				en,
				Base,
			);
			mainGroup = 8D5B8A673052E6670070361B;
			productRefGroup = 8D5B8A713052E6680070361B /* Products */;
			projectDirPath = "";
			projectRoot = "";
			targets = (
				8D5B8A6F3052E6680070361B /* MetroLima */,
				8D5B8A803052E66B0070361B /* MetroLimaTests */,
				8D5B8A8A3052E66C0070361B /* MetroLimaUITests */,
			);
		};
/* End PBXProject section */

/* Begin PBXResourcesBuildPhase section */
		8D5B8A6E3052E6680070361B /* Resources */ = {
			isa = PBXResourcesBuildPhase;
			buildActionMask = 2147483647;
			files = (
				8D5B8A7C3052E66B0070361B /* Preview Assets.xcassets in Resources */,
				8D5B8A783052E66B0070361B /* Assets.xcassets in Resources */,
			);
			runOnlyForDeploymentPostprocessing = 0;
		};
		8D5B8A7F3052E66B0070361B /* Resources */ = {
			isa = PBXResourcesBuildPhase;
			buildActionMask = 2147483647;
			files = (
			);
			runOnlyForDeploymentPostprocessing = 0;
		};
		8D5B8A893052E66C0070361B /* Resources */ = {
			isa = PBXResourcesBuildPhase;
			buildActionMask = 2147483647;
			files = (
			);
			runOnlyForDeploymentPostprocessing = 0;
		};
/* End PBXResourcesBuildPhase section */

/* Begin PBXSourcesBuildPhase section */
		8D5B8A6C3052E6680070361B /* Sources */ = {
			isa = PBXSourcesBuildPhase;
			buildActionMask = 2147483647;
			files = (
				8D5B8A763052E6680070361B /* ContentView.swift in Sources */,
				8D5B8A743052E6680070361B /* MetroLimaApp.swift in Sources */,
			);
			runOnlyForDeploymentPostprocessing = 0;
		};
		8D5B8A7D3052E66B0070361B /* Sources */ = {
			isa = PBXSourcesBuildPhase;
			buildActionMask = 2147483647;
			files = (
				8D5B8A863052E66B0070361B /* MetroLimaTests.swift in Sources */,
			);
			runOnlyForDeploymentPostprocessing = 0;
		};
		8D5B8A873052E66C0070361B /* Sources */ = {
			isa = PBXSourcesBuildPhase;
			buildActionMask = 2147483647;
			files = (
				8D5B8A903052E66C0070361B /* MetroLimaUITests.swift in Sources */,
				8D5B8A923052E66C0070361B /* MetroLimaUITestsLaunchTests.swift in Sources */,
			);
			runOnlyForDeploymentPostprocessing = 0;
		};
/* End PBXSourcesBuildPhase section */

/* Begin PBXTargetDependency section */
		8D5B8A833052E66B0070361B /* PBXTargetDependency */ = {
			isa = PBXTargetDependency;
			target = 8D5B8A6F3052E6680070361B /* MetroLima */;
			targetProxy = 8D5B8A823052E66B0070361B /* PBXContainerItemProxy */;
		};
		8D5B8A8D3052E66C0070361B /* PBXTargetDependency */ = {
			isa = PBXTargetDependency;
			target = 8D5B8A6F3052E6680070361B /* MetroLima */;
			targetProxy = 8D5B8A8C3052E66C0070361B /* PBXContainerItemProxy */;
		};
/* End PBXTargetDependency section */

/* Begin XCBuildConfiguration section */
		8D5B8A933052E66C0070361B /* Debug */ = {
			isa = XCBuildConfiguration;
			buildSettings = {
				ALWAYS_SEARCH_USER_PATHS = NO;
				CLANG_ANALYZER_NONNULL = YES;
				CLANG_ANALYZER_NUMBER_OBJECT_CONVERSION = YES_AGGRESSIVE;
				CLANG_CXX_LANGUAGE_STANDARD = "gnu++20";
				CLANG_ENABLE_MODULES = YES;
				CLANG_ENABLE_OBJC_ARC = YES;
				CLANG_ENABLE_OBJC_WEAK = YES;
				CLANG_WARN_BLOCK_CAPTURE_AUTORELEASING = YES;
				CLANG_WARN_BOOL_CONVERSION = YES;
				CLANG_WARN_COMMA = YES;
				CLANG_WARN_CONSTANT_CONVERSION = YES;
				CLANG_WARN_DEPRECATED_OBJC_IMPLEMENTATIONS = YES;
				CLANG_WARN_DIRECT_OBJC_ISA_USAGE = YES_ERROR;
				CLANG_WARN_DOCUMENTATION_COMMENTS = YES;
				CLANG_WARN_EMPTY_BODY = YES;
				CLANG_WARN_ENUM_CONVERSION = YES;
				CLANG_WARN_INFINITE_RECURSION = YES;
				CLANG_WARN_INT_CONVERSION = YES;
				CLANG_WARN_NON_LITERAL_NULL_CONVERSION = YES;
				CLANG_WARN_OBJC_IMPLICIT_RETAIN_SELF = YES;
				CLANG_WARN_OBJC_LITERAL_CONVERSION = YES;
				CLANG_WARN_OBJC_ROOT_CLASS = YES_ERROR;
				CLANG_WARN_QUOTED_INCLUDE_IN_FRAMEWORK_HEADER = YES;
				CLANG_WARN_RANGE_LOOP_ANALYSIS = YES;
				CLANG_WARN_STRICT_PROTOTYPES = YES;
				CLANG_WARN_SUSPICIOUS_MOVE = YES;
				CLANG_WARN_UNGUARDED_AVAILABILITY = YES_AGGRESSIVE;
				CLANG_WARN_UNREACHABLE_CODE = YES;
				CLANG_WARN__DUPLICATE_METHOD_MATCH = YES;
				COPY_PHASE_STRIP = NO;
				DEBUG_INFORMATION_FORMAT = dwarf;
				ENABLE_STRICT_OBJC_MSGSEND = YES;
				ENABLE_TESTABILITY = YES;
				GCC_C_LANGUAGE_STANDARD = gnu11;
				GCC_DYNAMIC_NO_PIC = NO;
				GCC_NO_COMMON_BLOCKS = YES;
				GCC_OPTIMIZATION_LEVEL = 0;
				GCC_PREPROCESSOR_DEFINITIONS = (
					"DEBUG=1",
					"$(inherited)",
				);
				GCC_WARN_64_TO_32_BIT_CONVERSION = YES;
				GCC_WARN_ABOUT_RETURN_TYPE = YES_ERROR;
				GCC_WARN_UNDECLARED_SELECTOR = YES;
				GCC_WARN_UNINITIALIZED_AUTOS = YES_AGGRESSIVE;
				GCC_WARN_UNUSED_FUNCTION = YES;
				GCC_WARN_UNUSED_VARIABLE = YES;
				MTL_ENABLE_DEBUG_INFO = INCLUDE_SOURCE;
				MTL_FAST_MATH = YES;
				ONLY_ACTIVE_ARCH = YES;
				SWIFT_ACTIVE_COMPILATION_CONDITIONS = DEBUG;
				SWIFT_OPTIMIZATION_LEVEL = "-Onone";
			};
			name = Debug;
		};
		8D5B8A943052E66C0070361B /* Release */ = {
			isa = XCBuildConfiguration;
			buildSettings = {
				ALWAYS_SEARCH_USER_PATHS = NO;
				CLANG_ANALYZER_NONNULL = YES;
				CLANG_ANALYZER_NUMBER_OBJECT_CONVERSION = YES_AGGRESSIVE;
				CLANG_CXX_LANGUAGE_STANDARD = "gnu++20";
				CLANG_ENABLE_MODULES = YES;
				CLANG_ENABLE_OBJC_ARC = YES;
				CLANG_ENABLE_OBJC_WEAK = YES;
				CLANG_WARN_BLOCK_CAPTURE_AUTORELEASING = YES;
				CLANG_WARN_BOOL_CONVERSION = YES;
				CLANG_WARN_COMMA = YES;
				CLANG_WARN_CONSTANT_CONVERSION = YES;
				CLANG_WARN_DEPRECATED_OBJC_IMPLEMENTATIONS = YES;
				CLANG_WARN_DIRECT_OBJC_ISA_USAGE = YES_ERROR;
				CLANG_WARN_DOCUMENTATION_COMMENTS = YES;
				CLANG_WARN_EMPTY_BODY = YES;
				CLANG_WARN_ENUM_CONVERSION = YES;
				CLANG_WARN_INFINITE_RECURSION = YES;
				CLANG_WARN_INT_CONVERSION = YES;
				CLANG_WARN_NON_LITERAL_NULL_CONVERSION = YES;
				CLANG_WARN_OBJC_IMPLICIT_RETAIN_SELF = YES;
				CLANG_WARN_OBJC_LITERAL_CONVERSION = YES;
				CLANG_WARN_OBJC_ROOT_CLASS = YES_ERROR;
				CLANG_WARN_QUOTED_INCLUDE_IN_FRAMEWORK_HEADER = YES;
				CLANG_WARN_RANGE_LOOP_ANALYSIS = YES;
				CLANG_WARN_STRICT_PROTOTYPES = YES;
				CLANG_WARN_SUSPICIOUS_MOVE = YES;
				CLANG_WARN_UNGUARDED_AVAILABILITY = YES_AGGRESSIVE;
				CLANG_WARN_UNREACHABLE_CODE = YES;
				CLANG_WARN__DUPLICATE_METHOD_MATCH = YES;
				COPY_PHASE_STRIP = NO;
				DEBUG_INFORMATION_FORMAT = "dwarf-with-dsym";
				ENABLE_NS_ASSERTIONS = NO;
				ENABLE_STRICT_OBJC_MSGSEND = YES;
				GCC_C_LANGUAGE_STANDARD = gnu11;
				GCC_NO_COMMON_BLOCKS = YES;
				GCC_WARN_64_TO_32_BIT_CONVERSION = YES;
				GCC_WARN_ABOUT_RETURN_TYPE = YES_ERROR;
				GCC_WARN_UNDECLARED_SELECTOR = YES;
				GCC_WARN_UNINITIALIZED_AUTOS = YES_AGGRESSIVE;
				GCC_WARN_UNUSED_FUNCTION = YES;
				GCC_WARN_UNUSED_VARIABLE = YES;
				MTL_ENABLE_DEBUG_INFO = NO;
				MTL_FAST_MATH = YES;
				SWIFT_COMPILATION_MODE = wholemodule;
				SWIFT_OPTIMIZATION_LEVEL = "-O";
			};
			name = Release;
		};
		8D5B8A963052E66C0070361B /* Debug */ = {
			isa = XCBuildConfiguration;
			buildSettings = {
				ASSETCATALOG_COMPILER_APPICON_NAME = AppIcon;
				ASSETCATALOG_COMPILER_GLOBAL_ACCENT_COLOR_NAME = AccentColor;
				CODE_SIGN_ENTITLEMENTS = MetroLima/MetroLima.entitlements;
				CODE_SIGN_STYLE = Automatic;
				CURRENT_PROJECT_VERSION = 1;
				DEVELOPMENT_ASSET_PATHS = "\"MetroLima/Preview Content\"";
				ENABLE_PREVIEWS = YES;
				GENERATE_INFOPLIST_FILE = YES;
				"INFOPLIST_KEY_UIApplicationSceneManifest_Generation[sdk=iphoneos*]" = YES;
				"INFOPLIST_KEY_UIApplicationSceneManifest_Generation[sdk=iphonesimulator*]" = YES;
				"INFOPLIST_KEY_UIApplicationSupportsIndirectInputEvents[sdk=iphoneos*]" = YES;
				"INFOPLIST_KEY_UIApplicationSupportsIndirectInputEvents[sdk=iphonesimulator*]" = YES;
				"INFOPLIST_KEY_UILaunchScreen_Generation[sdk=iphoneos*]" = YES;
				"INFOPLIST_KEY_UILaunchScreen_Generation[sdk=iphonesimulator*]" = YES;
				"INFOPLIST_KEY_UIStatusBarStyle[sdk=iphoneos*]" = UIStatusBarStyleDefault;
				"INFOPLIST_KEY_UIStatusBarStyle[sdk=iphonesimulator*]" = UIStatusBarStyleDefault;
				INFOPLIST_KEY_UISupportedInterfaceOrientations_iPad = "UIInterfaceOrientationPortrait UIInterfaceOrientationPortraitUpsideDown UIInterfaceOrientationLandscapeLeft UIInterfaceOrientationLandscapeRight";
				INFOPLIST_KEY_UISupportedInterfaceOrientations_iPhone = "UIInterfaceOrientationPortrait UIInterfaceOrientationLandscapeLeft UIInterfaceOrientationLandscapeRight";
				IPHONEOS_DEPLOYMENT_TARGET = 16.2;
				LD_RUNPATH_SEARCH_PATHS = "@executable_path/Frameworks";
				"LD_RUNPATH_SEARCH_PATHS[sdk=macosx*]" = "@executable_path/../Frameworks";
				MACOSX_DEPLOYMENT_TARGET = 12.7;
				MARKETING_VERSION = 1.0;
				PRODUCT_BUNDLE_IDENTIFIER = tecsup.MetroLima;
				PRODUCT_NAME = "$(TARGET_NAME)";
				SDKROOT = auto;
				SUPPORTED_PLATFORMS = "iphoneos iphonesimulator macosx";
				SWIFT_EMIT_LOC_STRINGS = YES;
				SWIFT_VERSION = 5.0;
				TARGETED_DEVICE_FAMILY = "1,2";
			};
			name = Debug;
		};
		8D5B8A973052E66C0070361B /* Release */ = {
			isa = XCBuildConfiguration;
			buildSettings = {
				ASSETCATALOG_COMPILER_APPICON_NAME = AppIcon;
				ASSETCATALOG_COMPILER_GLOBAL_ACCENT_COLOR_NAME = AccentColor;
				CODE_SIGN_ENTITLEMENTS = MetroLima/MetroLima.entitlements;
				CODE_SIGN_STYLE = Automatic;
				CURRENT_PROJECT_VERSION = 1;
				DEVELOPMENT_ASSET_PATHS = "\"MetroLima/Preview Content\"";
				ENABLE_PREVIEWS = YES;
				GENERATE_INFOPLIST_FILE = YES;
				"INFOPLIST_KEY_UIApplicationSceneManifest_Generation[sdk=iphoneos*]" = YES;
				"INFOPLIST_KEY_UIApplicationSceneManifest_Generation[sdk=iphonesimulator*]" = YES;
				"INFOPLIST_KEY_UIApplicationSupportsIndirectInputEvents[sdk=iphoneos*]" = YES;
				"INFOPLIST_KEY_UIApplicationSupportsIndirectInputEvents[sdk=iphonesimulator*]" = YES;
				"INFOPLIST_KEY_UILaunchScreen_Generation[sdk=iphoneos*]" = YES;
				"INFOPLIST_KEY_UILaunchScreen_Generation[sdk=iphonesimulator*]" = YES;
				"INFOPLIST_KEY_UIStatusBarStyle[sdk=iphoneos*]" = UIStatusBarStyleDefault;
				"INFOPLIST_KEY_UIStatusBarStyle[sdk=iphonesimulator*]" = UIStatusBarStyleDefault;
				INFOPLIST_KEY_UISupportedInterfaceOrientations_iPad = "UIInterfaceOrientationPortrait UIInterfaceOrientationPortraitUpsideDown UIInterfaceOrientationLandscapeLeft UIInterfaceOrientationLandscapeRight";
				INFOPLIST_KEY_UISupportedInterfaceOrientations_iPhone = "UIInterfaceOrientationPortrait UIInterfaceOrientationLandscapeLeft UIInterfaceOrientationLandscapeRight";
				IPHONEOS_DEPLOYMENT_TARGET = 16.2;
				LD_RUNPATH_SEARCH_PATHS = "@executable_path/Frameworks";
				"LD_RUNPATH_SEARCH_PATHS[sdk=macosx*]" = "@executable_path/../Frameworks";
				MACOSX_DEPLOYMENT_TARGET = 12.7;
				MARKETING_VERSION = 1.0;
				PRODUCT_BUNDLE_IDENTIFIER = tecsup.MetroLima;
				PRODUCT_NAME = "$(TARGET_NAME)";
				SDKROOT = auto;
				SUPPORTED_PLATFORMS = "iphoneos iphonesimulator macosx";
				SWIFT_EMIT_LOC_STRINGS = YES;
				SWIFT_VERSION = 5.0;
				TARGETED_DEVICE_FAMILY = "1,2";
			};
			name = Release;
		};
		8D5B8A993052E66C0070361B /* Debug */ = {
			isa = XCBuildConfiguration;
			buildSettings = {
				ALWAYS_EMBED_SWIFT_STANDARD_LIBRARIES = YES;
				BUNDLE_LOADER = "$(TEST_HOST)";
				CODE_SIGN_STYLE = Automatic;
				CURRENT_PROJECT_VERSION = 1;
				GENERATE_INFOPLIST_FILE = YES;
				IPHONEOS_DEPLOYMENT_TARGET = 16.2;
				MACOSX_DEPLOYMENT_TARGET = 12.7;
				MARKETING_VERSION = 1.0;
				PRODUCT_BUNDLE_IDENTIFIER = tecsup.MetroLimaTests;
				PRODUCT_NAME = "$(TARGET_NAME)";
				SDKROOT = auto;
				SUPPORTED_PLATFORMS = "iphoneos iphonesimulator macosx";
				SWIFT_EMIT_LOC_STRINGS = NO;
				SWIFT_VERSION = 5.0;
				TARGETED_DEVICE_FAMILY = "1,2";
				TEST_HOST = "$(BUILT_PRODUCTS_DIR)/MetroLima.app/$(BUNDLE_EXECUTABLE_FOLDER_PATH)/MetroLima";
			};
			name = Debug;
		};
		8D5B8A9A3052E66C0070361B /* Release */ = {
			isa = XCBuildConfiguration;
			buildSettings = {
				ALWAYS_EMBED_SWIFT_STANDARD_LIBRARIES = YES;
				BUNDLE_LOADER = "$(TEST_HOST)";
				CODE_SIGN_STYLE = Automatic;
				CURRENT_PROJECT_VERSION = 1;
				GENERATE_INFOPLIST_FILE = YES;
				IPHONEOS_DEPLOYMENT_TARGET = 16.2;
				MACOSX_DEPLOYMENT_TARGET = 12.7;
				MARKETING_VERSION = 1.0;
				PRODUCT_BUNDLE_IDENTIFIER = tecsup.MetroLimaTests;
				PRODUCT_NAME = "$(TARGET_NAME)";
				SDKROOT = auto;
				SUPPORTED_PLATFORMS = "iphoneos iphonesimulator macosx";
				SWIFT_EMIT_LOC_STRINGS = NO;
				SWIFT_VERSION = 5.0;
				TARGETED_DEVICE_FAMILY = "1,2";
				TEST_HOST = "$(BUILT_PRODUCTS_DIR)/MetroLima.app/$(BUNDLE_EXECUTABLE_FOLDER_PATH)/MetroLima";
			};
			name = Release;
		};
		8D5B8A9C3052E66C0070361B /* Debug */ = {
			isa = XCBuildConfiguration;
			buildSettings = {
				ALWAYS_EMBED_SWIFT_STANDARD_LIBRARIES = YES;
				CODE_SIGN_STYLE = Automatic;
				CURRENT_PROJECT_VERSION = 1;
				GENERATE_INFOPLIST_FILE = YES;
				IPHONEOS_DEPLOYMENT_TARGET = 16.2;
				MACOSX_DEPLOYMENT_TARGET = 12.7;
				MARKETING_VERSION = 1.0;
				PRODUCT_BUNDLE_IDENTIFIER = tecsup.MetroLimaUITests;
				PRODUCT_NAME = "$(TARGET_NAME)";
				SDKROOT = auto;
				SUPPORTED_PLATFORMS = "iphoneos iphonesimulator macosx";
				SWIFT_EMIT_LOC_STRINGS = NO;
				SWIFT_VERSION = 5.0;
				TARGETED_DEVICE_FAMILY = "1,2";
				TEST_TARGET_NAME = MetroLima;
			};
			name = Debug;
		};
		8D5B8A9D3052E66C0070361B /* Release */ = {
			isa = XCBuildConfiguration;
			buildSettings = {
				ALWAYS_EMBED_SWIFT_STANDARD_LIBRARIES = YES;
				CODE_SIGN_STYLE = Automatic;
				CURRENT_PROJECT_VERSION = 1;
				GENERATE_INFOPLIST_FILE = YES;
				IPHONEOS_DEPLOYMENT_TARGET = 16.2;
				MACOSX_DEPLOYMENT_TARGET = 12.7;
				MARKETING_VERSION = 1.0;
				PRODUCT_BUNDLE_IDENTIFIER = tecsup.MetroLimaUITests;
				PRODUCT_NAME = "$(TARGET_NAME)";
				SDKROOT = auto;
				SUPPORTED_PLATFORMS = "iphoneos iphonesimulator macosx";
				SWIFT_EMIT_LOC_STRINGS = NO;
				SWIFT_VERSION = 5.0;
				TARGETED_DEVICE_FAMILY = "1,2";
				TEST_TARGET_NAME = MetroLima;
			};
			name = Release;
		};
/* End XCBuildConfiguration section */

/* Begin XCConfigurationList section */
		8D5B8A6B3052E6670070361B /* Build configuration list for PBXProject "MetroLima" */ = {
			isa = XCConfigurationList;
			buildConfigurations = (
				8D5B8A933052E66C0070361B /* Debug */,
				8D5B8A943052E66C0070361B /* Release */,
			);
			defaultConfigurationIsVisible = 0;
			defaultConfigurationName = Release;
		};
		8D5B8A953052E66C0070361B /* Build configuration list for PBXNativeTarget "MetroLima" */ = {
			isa = XCConfigurationList;
			buildConfigurations = (
				8D5B8A963052E66C0070361B /* Debug */,
				8D5B8A973052E66C0070361B /* Release */,
			);
			defaultConfigurationIsVisible = 0;
			defaultConfigurationName = Release;
		};
		8D5B8A983052E66C0070361B /* Build configuration list for PBXNativeTarget "MetroLimaTests" */ = {
			isa = XCConfigurationList;
			buildConfigurations = (
				8D5B8A993052E66C0070361B /* Debug */,
				8D5B8A9A3052E66C0070361B /* Release */,
			);
			defaultConfigurationIsVisible = 0;
			defaultConfigurationName = Release;
		};
		8D5B8A9B3052E66C0070361B /* Build configuration list for PBXNativeTarget "MetroLimaUITests" */ = {
			isa = XCConfigurationList;
			buildConfigurations = (
				8D5B8A9C3052E66C0070361B /* Debug */,
				8D5B8A9D3052E66C0070361B /* Release */,
			);
			defaultConfigurationIsVisible = 0;
			defaultConfigurationName = Release;
		};
/* End XCConfigurationList section */
	};
	rootObject = 8D5B8A683052E6670070361B /* Project object */;
}
